// !$*UTF8*$!
{
	archiveVersion = 1;
	classes = {
	};
	objectVersion = 50;
	objects = {

/* Begin PBXBuildFile section */
		4BF09B5026807A6400DC8F07 /* AppDelegate.swift in Sources */ = {isa = PBXBuildFile; fileRef = 4BF09B4F26807A6400DC8F07 /* AppDelegate.swift */; };
		4BF09B5226807A6400DC8F07 /* SceneDelegate.swift in Sources */ = {isa = PBXBuildFile; fileRef = 4BF09B5126807A6400DC8F07 /* SceneDelegate.swift */; };
		4BF09B5426807A6400DC8F07 /* ViewController.swift in Sources */ = {isa = PBXBuildFile; fileRef = 4BF09B5326807A6400DC8F07 /* ViewController.swift */; };
		4BF09B5726807A6400DC8F07 /* Main.storyboard in Resources */ = {isa = PBXBuildFile; fileRef = 4BF09B5526807A6400DC8F07 /* Main.storyboard */; };
		4BF09B5926807A6600DC8F07 /* Assets.xcassets in Resources */ = {isa = PBXBuildFile; fileRef = 4BF09B5826807A6600DC8F07 /* Assets.xcassets */; };
		4BF09B5C26807A6600DC8F07 /* LaunchScreen.storyboard in Resources */ = {isa = PBXBuildFile; fileRef = 4BF09B5A26807A6600DC8F07 /* LaunchScreen.storyboard */; };
		4BF09B6726807A6700DC8F07 /* BeautyBellTests.swift in Sources */ = {isa = PBXBuildFile; fileRef = 4BF09B6626807A6700DC8F07 /* BeautyBellTests.swift */; };
		4BF09B7226807A6700DC8F07 /* BeautyBellUITests.swift in Sources */ = {isa = PBXBuildFile; fileRef = 4BF09B7126807A6700DC8F07 /* BeautyBellUITests.swift */; };
/* End PBXBuildFile section */

/* Begin PBXContainerItemProxy section */
		4BF09B6326807A6700DC8F07 /* PBXContainerItemProxy */ = {
			isa = PBXContainerItemProxy;
			containerPortal = 4BF09B4426807A6400DC8F07 /* Project object */;
			proxyType = 1;
			remoteGlobalIDString = 4BF09B4B26807A6400DC8F07;
			remoteInfo = BeautyBell;
		};
		4BF09B6E26807A6700DC8F07 /* PBXContainerItemProxy */ = {
			isa = PBXContainerItemProxy;
			containerPortal = 4BF09B4426807A6400DC8F07 /* Project object */;
			proxyType = 1;
			remoteGlobalIDString = 4BF09B4B26807A6400DC8F07;
			remoteInfo = BeautyBell;
		};
/* End PBXContainerItemProxy section */

/* Begin PBXFileReference section */
		4BF09B4C26807A6400DC8F07 /* BeautyBell.app */ = {isa = PBXFileReference; explicitFileType = wrapper.application; includeInIndex = 0; path = BeautyBell.app; sourceTree = BUILT_PRODUCTS_DIR; };
		4BF09B4F26807A6400DC8F07 /* AppDelegate.swift */ = {isa = PBXFileReference; lastKnownFileType = sourcecode.swift; path = AppDelegate.swift; sourceTree = "<group>"; };
		4BF09B5126807A6400DC8F07 /* SceneDelegate.swift */ = {isa = PBXFileReference; lastKnownFileType = sourcecode.swift; path = SceneDelegate.swift; sourceTree = "<group>"; };
		4BF09B5326807A6400DC8F07 /* ViewController.swift */ = {isa = PBXFileReference; lastKnownFileType = sourcecode.swift; path = ViewController.swift; sourceTree = "<group>"; };
		4BF09B5626807A6400DC8F07 /* Base */ = {isa = PBXFileReference; lastKnownFileType = file.storyboard; name = Base; path = Base.lproj/Main.storyboard; sourceTree = "<group>"; };
		4BF09B5826807A6600DC8F07 /* Assets.xcassets */ = {isa = PBXFileReference; lastKnownFileType = folder.assetcatalog; path = Assets.xcassets; sourceTree = "<group>"; };
		4BF09B5B26807A6600DC8F07 /* Base */ = {isa = PBXFileReference; lastKnownFileType = file.storyboard; name = Base; path = Base.lproj/LaunchScreen.storyboard; sourceTree = "<group>"; };
		4BF09B5D26807A6600DC8F07 /* Info.plist */ = {isa = PBXFileReference; lastKnownFileType = text.plist.xml; path = Info.plist; sourceTree = "<group>"; };
		4BF09B6226807A6700DC8F07 /* BeautyBellTests.xctest */ = {isa = PBXFileReference; explicitFileType = wrapper.cfbundle; includeInIndex = 0; path = BeautyBellTests.xctest; sourceTree = BUILT_PRODUCTS_DIR; };
		4BF09B6626807A6700DC8F07 /* BeautyBellTests.swift */ = {isa = PBXFileReference; lastKnownFileType = sourcecode.swift; path = BeautyBellTests.swift; sourceTree = "<group>"; };
		4BF09B6826807A6700DC8F07 /* Info.plist */ = {isa = PBXFileReference; lastKnownFileType = text.plist.xml; path = Info.plist; sourceTree = "<group>"; };
		4BF09B6D26807A6700DC8F07 /* BeautyBellUITests.xctest */ = {isa = PBXFileReference; explicitFileType = wrapper.cfbundle; includeInIndex = 0; path = BeautyBellUITests.xctest; sourceTree = BUILT_PRODUCTS_DIR; };
		4BF09B7126807A6700DC8F07 /* BeautyBellUITests.swift */ = {isa = PBXFileReference; lastKnownFileType = sourcecode.swift; path = BeautyBellUITests.swift; sourceTree = "<group>"; };
		4BF09B7326807A6700DC8F07 /* Info.plist */ = {isa = PBXFileReference; lastKnownFileType = text.plist.xml; path = Info.plist; sourceTree = "<group>"; };
/* End PBXFileReference section */

/* Begin PBXFrameworksBuildPhase section */
		4BF09B4926807A6400DC8F07 /* Frameworks */ = {
			isa = PBXFrameworksBuildPhase;
			buildActionMask = 2147483647;
			files = (
			);
			runOnlyForDeploymentPostprocessing = 0;
		};
		4BF09B5F26807A6700DC8F07 /* Frameworks */ = {
			isa = PBXFrameworksBuildPhase;
			buildActionMask = 2147483647;
			files = (
			);
			runOnlyForDeploymentPostprocessing = 0;
		};
		4BF09B6A26807A6700DC8F07 /* Frameworks */ = {
			isa = PBXFrameworksBuildPhase;
			buildActionMask = 2147483647;
			files = (
			);
			runOnlyForDeploymentPostprocessing = 0;
		};
/* End PBXFrameworksBuildPhase section */

/* Begin PBXGroup section */
		4BF09B4326807A6400DC8F07 = {
			isa = PBXGroup;
			children = (
				4BF09B4E26807A6400DC8F07 /* BeautyBell */,
				4BF09B6526807A6700DC8F07 /* BeautyBellTests */,
				4BF09B7026807A6700DC8F07 /* BeautyBellUITests */,
				4BF09B4D26807A6400DC8F07 /* Products */,
			);
			sourceTree = "<group>";
		};
		4BF09B4D26807A6400DC8F07 /* Products */ = {
			isa = PBXGroup;
			children = (
				4BF09B4C26807A6400DC8F07 /* BeautyBell.app */,
				4BF09B6226807A6700DC8F07 /* BeautyBellTests.xctest */,
				4BF09B6D26807A6700DC8F07 /* BeautyBellUITests.xctest */,
			);
			name = Products;
			sourceTree = "<group>";
		};
		4BF09B4E26807A6400DC8F07 /* BeautyBell */ = {
			isa = PBXGroup;
			children = (
				4BF09B4F26807A6400DC8F07 /* AppDelegate.swift */,
				4BF09B5126807A6400DC8F07 /* SceneDelegate.swift */,
				4BF09B5326807A6400DC8F07 /* ViewController.swift */,
				4BF09B5526807A6400DC8F07 /* Main.storyboard */,
				4BF09B5826807A6600DC8F07 /* Assets.xcassets */,
				4BF09B5A26807A6600DC8F07 /* LaunchScreen.storyboard */,
				4BF09B5D26807A6600DC8F07 /* Info.plist */,
			);
			path = BeautyBell;
			sourceTree = "<group>";
		};
		4BF09B6526807A6700DC8F07 /* BeautyBellTests */ = {
			isa = PBXGroup;
			children = (
				4BF09B6626807A6700DC8F07 /* BeautyBellTests.swift */,
				4BF09B6826807A6700DC8F07 /* Info.plist */,
			);
			path = BeautyBellTests;
			sourceTree = "<group>";
		};
		4BF09B7026807A6700DC8F07 /* BeautyBellUITests */ = {
			isa = PBXGroup;
			children = (
				4BF09B7126807A6700DC8F07 /* BeautyBellUITests.swift */,
				4BF09B7326807A6700DC8F07 /* Info.plist */,
			);
			path = BeautyBellUITests;
			sourceTree = "<group>";
		};
/* End PBXGroup section */

/* Begin PBXNativeTarget section */
		4BF09B4B26807A6400DC8F07 /* BeautyBell */ = {
			isa = PBXNativeTarget;
			buildConfigurationList = 4BF09B7626807A6700DC8F07 /* Build configuration list for PBXNativeTarget "BeautyBell" */;
			buildPhases = (
				4BF09B4826807A6400DC8F07 /* Sources */,
				4BF09B4926807A6400DC8F07 /* Frameworks */,
				4BF09B4A26807A6400DC8F07 /* Resources */,
			);
			buildRules = (
			);
			dependencies = (
			);
			name = BeautyBell;
			productName = BeautyBell;
			productReference = 4BF09B4C26807A6400DC8F07 /* BeautyBell.app */;
			productType = "com.apple.product-type.application";
		};
		4BF09B6126807A6700DC8F07 /* BeautyBellTests */ = {
			isa = PBXNativeTarget;
			buildConfigurationList = 4BF09B7926807A6700DC8F07 /* Build configuration list for PBXNativeTarget "BeautyBellTests" */;
			buildPhases = (
				4BF09B5E26807A6700DC8F07 /* Sources */,
				4BF09B5F26807A6700DC8F07 /* Frameworks */,
				4BF09B6026807A6700DC8F07 /* Resources */,
			);
			buildRules = (
			);
			dependencies = (
				4BF09B6426807A6700DC8F07 /* PBXTargetDependency */,
			);
			name = BeautyBellTests;
			productName = BeautyBellTests;
			productReference = 4BF09B6226807A6700DC8F07 /* BeautyBellTests.xctest */;
			productType = "com.apple.product-type.bundle.unit-test";
		};
		4BF09B6C26807A6700DC8F07 /* BeautyBellUITests */ = {
			isa = PBXNativeTarget;
			buildConfigurationList = 4BF09B7C26807A6700DC8F07 /* Build configuration list for PBXNativeTarget "BeautyBellUITests" */;
			buildPhases = (
				4BF09B6926807A6700DC8F07 /* Sources */,
				4BF09B6A26807A6700DC8F07 /* Frameworks */,
				4BF09B6B26807A6700DC8F07 /* Resources */,
			);
			buildRules = (
			);
			dependencies = (
				4BF09B6F26807A6700DC8F07 /* PBXTargetDependency */,
			);
			name = BeautyBellUITests;
			productName = BeautyBellUITests;
			productReference = 4BF09B6D26807A6700DC8F07 /* BeautyBellUITests.xctest */;
			productType = "com.apple.product-type.bundle.ui-testing";
		};
/* End PBXNativeTarget section */

/* Begin PBXProject section */
		4BF09B4426807A6400DC8F07 /* Project object */ = {
			isa = PBXProject;
			attributes = {
				LastSwiftUpdateCheck = 1250;
				LastUpgradeCheck = 1250;
				TargetAttributes = {
					4BF09B4B26807A6400DC8F07 = {
						CreatedOnToolsVersion = 12.5;
					};
					4BF09B6126807A6700DC8F07 = {
						CreatedOnToolsVersion = 12.5;
						TestTargetID = 4BF09B4B26807A6400DC8F07;
					};
					4BF09B6C26807A6700DC8F07 = {
						CreatedOnToolsVersion = 12.5;
						TestTargetID = 4BF09B4B26807A6400DC8F07;
					};
				};
			};
			buildConfigurationList = 4BF09B4726807A6400DC8F07 /* Build configuration list for PBXProject "BeautyBell" */;
			compatibilityVersion = "Xcode 9.3";
			developmentRegion = en;
			hasScannedForEncodings = 0;
			knownRegions = (
				en,
				Base,
			);
			mainGroup = 4BF09B4326807A6400DC8F07;
			productRefGroup = 4BF09B4D26807A6400DC8F07 /* Products */;
			projectDirPath = "";
			projectRoot = "";
			targets = (
				4BF09B4B26807A6400DC8F07 /* BeautyBell */,
				4BF09B6126807A6700DC8F07 /* BeautyBellTests */,
				4BF09B6C26807A6700DC8F07 /* BeautyBellUITests */,
			);
		};
/* End PBXProject section */

/* Begin PBXResourcesBuildPhase section */
		4BF09B4A26807A6400DC8F07 /* Resources */ = {
			isa = PBXResourcesBuildPhase;
			buildActionMask = 2147483647;
			files = (
				4BF09B5C26807A6600DC8F07 /* LaunchScreen.storyboard in Resources */,
				4BF09B5926807A6600DC8F07 /* Assets.xcassets in Resources */,
				4BF09B5726807A6400DC8F07 /* Main.storyboard in Resources */,
			);
			runOnlyForDeploymentPostprocessing = 0;
		};
		4BF09B6026807A6700DC8F07 /* Resources */ = {
			isa = PBXResourcesBuildPhase;
			buildActionMask = 2147483647;
			files = (
			);
			runOnlyForDeploymentPostprocessing = 0;
		};
		4BF09B6B26807A6700DC8F07 /* Resources */ = {
			isa = PBXResourcesBuildPhase;
			buildActionMask = 2147483647;
			files = (
			);
			runOnlyForDeploymentPostprocessing = 0;
		};
/* End PBXResourcesBuildPhase section */

/* Begin PBXSourcesBuildPhase section */
		4BF09B4826807A6400DC8F07 /* Sources */ = {
			isa = PBXSourcesBuildPhase;
			buildActionMask = 2147483647;
			files = (
				4BF09B5426807A6400DC8F07 /* ViewController.swift in Sources */,
				4BF09B5026807A6400DC8F07 /* AppDelegate.swift in Sources */,
				4BF09B5226807A6400DC8F07 /* SceneDelegate.swift in Sources */,
			);
			runOnlyForDeploymentPostprocessing = 0;
		};
		4BF09B5E26807A6700DC8F07 /* Sources */ = {
			isa = PBXSourcesBuildPhase;
			buildActionMask = 2147483647;
			files = (
				4BF09B6726807A6700DC8F07 /* BeautyBellTests.swift in Sources */,
			);
			runOnlyForDeploymentPostprocessing = 0;
		};
		4BF09B6926807A6700DC8F07 /* Sources */ = {
			isa = PBXSourcesBuildPhase;
			buildActionMask = 2147483647;
			files = (
				4BF09B7226807A6700DC8F07 /* BeautyBellUITests.swift in Sources */,
			);
			runOnlyForDeploymentPostprocessing = 0;
		};
/* End PBXSourcesBuildPhase section */

/* Begin PBXTargetDependency section */
		4BF09B6426807A6700DC8F07 /* PBXTargetDependency */ = {
			isa = PBXTargetDependency;
			target = 4BF09B4B26807A6400DC8F07 /* BeautyBell */;
			targetProxy = 4BF09B6326807A6700DC8F07 /* PBXContainerItemProxy */;
		};
		4BF09B6F26807A6700DC8F07 /* PBXTargetDependency */ = {
			isa = PBXTargetDependency;
			target = 4BF09B4B26807A6400DC8F07 /* BeautyBell */;
			targetProxy = 4BF09B6E26807A6700DC8F07 /* PBXContainerItemProxy */;
		};
/* End PBXTargetDependency section */

/* Begin PBXVariantGroup section */
		4BF09B5526807A6400DC8F07 /* Main.storyboard */ = {
			isa = PBXVariantGroup;
			children = (
				4BF09B5626807A6400DC8F07 /* Base */,
			);
			name = Main.storyboard;
			sourceTree = "<group>";
		};
		4BF09B5A26807A6600DC8F07 /* LaunchScreen.storyboard */ = {
			isa = PBXVariantGroup;
			children = (
				4BF09B5B26807A6600DC8F07 /* Base */,
			);
			name = LaunchScreen.storyboard;
			sourceTree = "<group>";
		};
/* End PBXVariantGroup section */

/* Begin XCBuildConfiguration section */
		4BF09B7426807A6700DC8F07 /* Debug */ = {
			isa = XCBuildConfiguration;
			buildSettings = {
				ALWAYS_SEARCH_USER_PATHS = NO;
				CLANG_ANALYZER_NONNULL = YES;
				CLANG_ANALYZER_NUMBER_OBJECT_CONVERSION = YES_AGGRESSIVE;
				CLANG_CXX_LANGUAGE_STANDARD = "gnu++14";
				CLANG_CXX_LIBRARY = "libc++";
				CLANG_ENABLE_MODULES = YES;
				CLANG_ENABLE_OBJC_ARC = YES;
				CLANG_ENABLE_OBJC_WEAK = YES;
				CLANG_WARN_BLOCK_CAPTURE_AUTORELEASING = YES;
				CLANG_WARN_BOOL_CONVERSION = YES;
				CLANG_WARN_COMMA = YES;
				CLANG_WARN_CONSTANT_CONVERSION = YES;
				CLANG_WARN_DEPRECATED_OBJC_IMPLEMENTATIONS = YES;
				CLANG_WARN_DIRECT_OBJC_ISA_USAGE = YES_ERROR;
				CLANG_WARN_DOCUMENTATION_COMMENTS = YES;
				CLANG_WARN_EMPTY_BODY = YES;
				CLANG_WARN_ENUM_CONVERSION = YES;
				CLANG_WARN_INFINITE_RECURSION = YES;
				CLANG_WARN_INT_CONVERSION = YES;
				CLANG_WARN_NON_LITERAL_NULL_CONVERSION = YES;
				CLANG_WARN_OBJC_IMPLICIT_RETAIN_SELF = YES;
				CLANG_WARN_OBJC_LITERAL_CONVERSION = YES;
				CLANG_WARN_OBJC_ROOT_CLASS = YES_ERROR;
				CLANG_WARN_QUOTED_INCLUDE_IN_FRAMEWORK_HEADER = YES;
				CLANG_WARN_RANGE_LOOP_ANALYSIS = YES;
				CLANG_WARN_STRICT_PROTOTYPES = YES;
				CLANG_WARN_SUSPICIOUS_MOVE = YES;
				CLANG_WARN_UNGUARDED_AVAILABILITY = YES_AGGRESSIVE;
				CLANG_WARN_UNREACHABLE_CODE = YES;
				CLANG_WARN__DUPLICATE_METHOD_MATCH = YES;
				COPY_PHASE_STRIP = NO;
				DEBUG_INFORMATION_FORMAT = dwarf;
				ENABLE_STRICT_OBJC_MSGSEND = YES;
				ENABLE_TESTABILITY = YES;
				GCC_C_LANGUAGE_STANDARD = gnu11;
				GCC_DYNAMIC_NO_PIC = NO;
				GCC_NO_COMMON_BLOCKS = YES;
				GCC_OPTIMIZATION_LEVEL = 0;
				GCC_PREPROCESSOR_DEFINITIONS = (
					"DEBUG=1",
					"$(inherited)",
				);
				GCC_WARN_64_TO_32_BIT_CONVERSION = YES;
				GCC_WARN_ABOUT_RETURN_TYPE = YES_ERROR;
				GCC_WARN_UNDECLARED_SELECTOR = YES;
				GCC_WARN_UNINITIALIZED_AUTOS = YES_AGGRESSIVE;
				GCC_WARN_UNUSED_FUNCTION = YES;
				GCC_WARN_UNUSED_VARIABLE = YES;
				IPHONEOS_DEPLOYMENT_TARGET = 14.5;
				MTL_ENABLE_DEBUG_INFO = INCLUDE_SOURCE;
				MTL_FAST_MATH = YES;
				ONLY_ACTIVE_ARCH = YES;
				SDKROOT = iphoneos;
				SWIFT_ACTIVE_COMPILATION_CONDITIONS = DEBUG;
				SWIFT_OPTIMIZATION_LEVEL = "-Onone";
			};
			name = Debug;
		};
		4BF09B7526807A6700DC8F07 /* Release */ = {
			isa = XCBuildConfiguration;
			buildSettings = {
				ALWAYS_SEARCH_USER_PATHS = NO;
				CLANG_ANALYZER_NONNULL = YES;
				CLANG_ANALYZER_NUMBER_OBJECT_CONVERSION = YES_AGGRESSIVE;
				CLANG_CXX_LANGUAGE_STANDARD = "gnu++14";
				CLANG_CXX_LIBRARY = "libc++";
				CLANG_ENABLE_MODULES = YES;
				CLANG_ENABLE_OBJC_ARC = YES;
				CLANG_ENABLE_OBJC_WEAK = YES;
				CLANG_WARN_BLOCK_CAPTURE_AUTORELEASING = YES;
				CLANG_WARN_BOOL_CONVERSION = YES;
				CLANG_WARN_COMMA = YES;
				CLANG_WARN_CONSTANT_CONVERSION = YES;
				CLANG_WARN_DEPRECATED_OBJC_IMPLEMENTATIONS = YES;
				CLANG_WARN_DIRECT_OBJC_ISA_USAGE = YES_ERROR;
				CLANG_WARN_DOCUMENTATION_COMMENTS = YES;
				CLANG_WARN_EMPTY_BODY = YES;
				CLANG_WARN_ENUM_CONVERSION = YES;
				CLANG_WARN_INFINITE_RECURSION = YES;
				CLANG_WARN_INT_CONVERSION = YES;
				CLANG_WARN_NON_LITERAL_NULL_CONVERSION = YES;
				CLANG_WARN_OBJC_IMPLICIT_RETAIN_SELF = YES;
				CLANG_WARN_OBJC_LITERAL_CONVERSION = YES;
				CLANG_WARN_OBJC_ROOT_CLASS = YES_ERROR;
				CLANG_WARN_QUOTED_INCLUDE_IN_FRAMEWORK_HEADER = YES;
				CLANG_WARN_RANGE_LOOP_ANALYSIS = YES;
				CLANG_WARN_STRICT_PROTOTYPES = YES;
				CLANG_WARN_SUSPICIOUS_MOVE = YES;
				CLANG_WARN_UNGUARDED_AVAILABILITY = YES_AGGRESSIVE;
				CLANG_WARN_UNREACHABLE_CODE = YES;
				CLANG_WARN__DUPLICATE_METHOD_MATCH = YES;
				COPY_PHASE_STRIP = NO;
				DEBUG_INFORMATION_FORMAT = "dwarf-with-dsym";
				ENABLE_NS_ASSERTIONS = NO;
				ENABLE_STRICT_OBJC_MSGSEND = YES;
				GCC_C_LANGUAGE_STANDARD = gnu11;
				GCC_NO_COMMON_BLOCKS = YES;
				GCC_WARN_64_TO_32_BIT_CONVERSION = YES;
				GCC_WARN_ABOUT_RETURN_TYPE = YES_ERROR;
				GCC_WARN_UNDECLARED_SELECTOR = YES;
				GCC_WARN_UNINITIALIZED_AUTOS = YES_AGGRESSIVE;
				GCC_WARN_UNUSED_FUNCTION = YES;
				GCC_WARN_UNUSED_VARIABLE = YES;
				IPHONEOS_DEPLOYMENT_TARGET = 14.5;
				MTL_ENABLE_DEBUG_INFO = NO;
				MTL_FAST_MATH = YES;
				SDKROOT = iphoneos;
				SWIFT_COMPILATION_MODE = wholemodule;
				SWIFT_OPTIMIZATION_LEVEL = "-O";
				VALIDATE_PRODUCT = YES;
			};
			name = Release;
		};
		4BF09B7726807A6700DC8F07 /* Debug */ = {
			isa = XCBuildConfiguration;
			buildSettings = {
				ASSETCATALOG_COMPILER_APPICON_NAME = AppIcon;
				ASSETCATALOG_COMPILER_GLOBAL_ACCENT_COLOR_NAME = AccentColor;
				CODE_SIGN_STYLE = Automatic;
				DEVELOPMENT_TEAM = 9G44XW2W74;
				INFOPLIST_FILE = BeautyBell/Info.plist;
				LD_RUNPATH_SEARCH_PATHS = (
					"$(inherited)",
					"@executable_path/Frameworks",
				);
				PRODUCT_BUNDLE_IDENTIFIER = com.reyhan.iOSDev.BeautyBell;
				PRODUCT_NAME = "$(TARGET_NAME)";
				SWIFT_VERSION = 5.0;
				TARGETED_DEVICE_FAMILY = "1,2";
			};
			name = Debug;
		};
		4BF09B7826807A6700DC8F07 /* Release */ = {
			isa = XCBuildConfiguration;
			buildSettings = {
				ASSETCATALOG_COMPILER_APPICON_NAME = AppIcon;
				ASSETCATALOG_COMPILER_GLOBAL_ACCENT_COLOR_NAME = AccentColor;
				CODE_SIGN_STYLE = Automatic;
				DEVELOPMENT_TEAM = 9G44XW2W74;
				INFOPLIST_FILE = BeautyBell/Info.plist;
				LD_RUNPATH_SEARCH_PATHS = (
					"$(inherited)",
					"@executable_path/Frameworks",
				);
				PRODUCT_BUNDLE_IDENTIFIER = com.reyhan.iOSDev.BeautyBell;
				PRODUCT_NAME = "$(TARGET_NAME)";
				SWIFT_VERSION = 5.0;
				TARGETED_DEVICE_FAMILY = "1,2";
			};
			name = Release;
		};
		4BF09B7A26807A6700DC8F07 /* Debug */ = {
			isa = XCBuildConfiguration;
			buildSettings = {
				ALWAYS_EMBED_SWIFT_STANDARD_LIBRARIES = YES;
				BUNDLE_LOADER = "$(TEST_HOST)";
				CODE_SIGN_STYLE = Automatic;
				DEVELOPMENT_TEAM = 9G44XW2W74;
				INFOPLIST_FILE = BeautyBellTests/Info.plist;
				IPHONEOS_DEPLOYMENT_TARGET = 14.5;
				LD_RUNPATH_SEARCH_PATHS = (
					"$(inherited)",
					"@executable_path/Frameworks",
					"@loader_path/Frameworks",
				);
				PRODUCT_BUNDLE_IDENTIFIER = com.reyhan.iOSDev.BeautyBellTests;
				PRODUCT_NAME = "$(TARGET_NAME)";
				SWIFT_VERSION = 5.0;
				TARGETED_DEVICE_FAMILY = "1,2";
				TEST_HOST = "$(BUILT_PRODUCTS_DIR)/BeautyBell.app/BeautyBell";
			};
			name = Debug;
		};
		4BF09B7B26807A6700DC8F07 /* Release */ = {
			isa = XCBuildConfiguration;
			buildSettings = {
				ALWAYS_EMBED_SWIFT_STANDARD_LIBRARIES = YES;
				BUNDLE_LOADER = "$(TEST_HOST)";
				CODE_SIGN_STYLE = Automatic;
				DEVELOPMENT_TEAM = 9G44XW2W74;
				INFOPLIST_FILE = BeautyBellTests/Info.plist;
				IPHONEOS_DEPLOYMENT_TARGET = 14.5;
				LD_RUNPATH_SEARCH_PATHS = (
					"$(inherited)",
					"@executable_path/Frameworks",
					"@loader_path/Frameworks",
				);
				PRODUCT_BUNDLE_IDENTIFIER = com.reyhan.iOSDev.BeautyBellTests;
				PRODUCT_NAME = "$(TARGET_NAME)";
				SWIFT_VERSION = 5.0;
				TARGETED_DEVICE_FAMILY = "1,2";
				TEST_HOST = "$(BUILT_PRODUCTS_DIR)/BeautyBell.app/BeautyBell";
			};
			name = Release;
		};
		4BF09B7D26807A6700DC8F07 /* Debug */ = {
			isa = XCBuildConfiguration;
			buildSettings = {
				ALWAYS_EMBED_SWIFT_STANDARD_LIBRARIES = YES;
				CODE_SIGN_STYLE = Automatic;
				DEVELOPMENT_TEAM = 9G44XW2W74;
				INFOPLIST_FILE = BeautyBellUITests/Info.plist;
				LD_RUNPATH_SEARCH_PATHS = (
					"$(inherited)",
					"@executable_path/Frameworks",
					"@loader_path/Frameworks",
				);
				PRODUCT_BUNDLE_IDENTIFIER = com.reyhan.iOSDev.BeautyBellUITests;
				PRODUCT_NAME = "$(TARGET_NAME)";
				SWIFT_VERSION = 5.0;
				TARGETED_DEVICE_FAMILY = "1,2";
				TEST_TARGET_NAME = BeautyBell;
			};
			name = Debug;
		};
		4BF09B7E26807A6700DC8F07 /* Release */ = {
			isa = XCBuildConfiguration;
			buildSettings = {
				ALWAYS_EMBED_SWIFT_STANDARD_LIBRARIES = YES;
				CODE_SIGN_STYLE = Automatic;
				DEVELOPMENT_TEAM = 9G44XW2W74;
				INFOPLIST_FILE = BeautyBellUITests/Info.plist;
				LD_RUNPATH_SEARCH_PATHS = (
					"$(inherited)",
					"@executable_path/Frameworks",
					"@loader_path/Frameworks",
				);
				PRODUCT_BUNDLE_IDENTIFIER = com.reyhan.iOSDev.BeautyBellUITests;
				PRODUCT_NAME = "$(TARGET_NAME)";
				SWIFT_VERSION = 5.0;
				TARGETED_DEVICE_FAMILY = "1,2";
				TEST_TARGET_NAME = BeautyBell;
			};
			name = Release;
		};
/* End XCBuildConfiguration section */

/* Begin XCConfigurationList section */
		4BF09B4726807A6400DC8F07 /* Build configuration list for PBXProject "BeautyBell" */ = {
			isa = XCConfigurationList;
			buildConfigurations = (
				4BF09B7426807A6700DC8F07 /* Debug */,
				4BF09B7526807A6700DC8F07 /* Release */,
			);
			defaultConfigurationIsVisible = 0;
			defaultConfigurationName = Release;
		};
		4BF09B7626807A6700DC8F07 /* Build configuration list for PBXNativeTarget "BeautyBell" */ = {
			isa = XCConfigurationList;
			buildConfigurations = (
				4BF09B7726807A6700DC8F07 /* Debug */,
				4BF09B7826807A6700DC8F07 /* Release */,
			);
			defaultConfigurationIsVisible = 0;
			defaultConfigurationName = Release;
		};
		4BF09B7926807A6700DC8F07 /* Build configuration list for PBXNativeTarget "BeautyBellTests" */ = {
			isa = XCConfigurationList;
			buildConfigurations = (
				4BF09B7A26807A6700DC8F07 /* Debug */,
				4BF09B7B26807A6700DC8F07 /* Release */,
			);
			defaultConfigurationIsVisible = 0;
			defaultConfigurationName = Release;
		};
		4BF09B7C26807A6700DC8F07 /* Build configuration list for PBXNativeTarget "BeautyBellUITests" */ = {
			isa = XCConfigurationList;
			buildConfigurations = (
				4BF09B7D26807A6700DC8F07 /* Debug */,
				4BF09B7E26807A6700DC8F07 /* Release */,
			);
			defaultConfigurationIsVisible = 0;
			defaultConfigurationName = Release;
		};
/* End XCConfigurationList section */
	};
	rootObject = 4BF09B4426807A6400DC8F07 /* Project object */;
}
