// !$*UTF8*$!
{
	archiveVersion = 1;
	classes = {
	};
	objectVersion = 51;
	objects = {

/* Begin PBXBuildFile section */
		120AD44237273FDA7C766FD1 /* Pods_BeautyBellTests.framework in Frameworks */ = {isa = PBXBuildFile; fileRef = 74D46C29459228CE298DB003 /* Pods_BeautyBellTests.framework */; };
		317F8C86C4EFA4F977B6616F /* Pods_BeautyBell_BeautyBellUITests.framework in Frameworks */ = {isa = PBXBuildFile; fileRef = 5A4C9486C4F3483703237278 /* Pods_BeautyBell_BeautyBellUITests.framework */; };
		4BF09B5026807A6400DC8F07 /* AppDelegate.swift in Sources */ = {isa = PBXBuildFile; fileRef = 4BF09B4F26807A6400DC8F07 /* AppDelegate.swift */; };
		4BF09B5226807A6400DC8F07 /* SceneDelegate.swift in Sources */ = {isa = PBXBuildFile; fileRef = 4BF09B5126807A6400DC8F07 /* SceneDelegate.swift */; };
		4BF09B5426807A6400DC8F07 /* ViewController.swift in Sources */ = {isa = PBXBuildFile; fileRef = 4BF09B5326807A6400DC8F07 /* ViewController.swift */; };
		4BF09B5726807A6400DC8F07 /* Main.storyboard in Resources */ = {isa = PBXBuildFile; fileRef = 4BF09B5526807A6400DC8F07 /* Main.storyboard */; };
		4BF09B5926807A6600DC8F07 /* Assets.xcassets in Resources */ = {isa = PBXBuildFile; fileRef = 4BF09B5826807A6600DC8F07 /* Assets.xcassets */; };
		4BF09B5C26807A6600DC8F07 /* LaunchScreen.storyboard in Resources */ = {isa = PBXBuildFile; fileRef = 4BF09B5A26807A6600DC8F07 /* LaunchScreen.storyboard */; };
		4BF09B6726807A6700DC8F07 /* BeautyBellTests.swift in Sources */ = {isa = PBXBuildFile; fileRef = 4BF09B6626807A6700DC8F07 /* BeautyBellTests.swift */; };
		4BF09B7226807A6700DC8F07 /* BeautyBellUITests.swift in Sources */ = {isa = PBXBuildFile; fileRef = 4BF09B7126807A6700DC8F07 /* BeautyBellUITests.swift */; };
		4BF09B8026807A7C00DC8F07 /* Users.swift in Sources */ = {isa = PBXBuildFile; fileRef = 4BF09B7F26807A7C00DC8F07 /* Users.swift */; };
		4BF09B8226807A9200DC8F07 /* Artisan.swift in Sources */ = {isa = PBXBuildFile; fileRef = 4BF09B8126807A9200DC8F07 /* Artisan.swift */; };
		4BF09B852680945B00DC8F07 /* HomeViewController.swift in Sources */ = {isa = PBXBuildFile; fileRef = 4BF09B842680945B00DC8F07 /* HomeViewController.swift */; };
		4BF09B872680948100DC8F07 /* ProfileViewController.swift in Sources */ = {isa = PBXBuildFile; fileRef = 4BF09B862680948100DC8F07 /* ProfileViewController.swift */; };
		4BF09B8B2680954F00DC8F07 /* ArtisanTableViewCell.swift in Sources */ = {isa = PBXBuildFile; fileRef = 4BF09B892680954F00DC8F07 /* ArtisanTableViewCell.swift */; };
		4BF09B8C2680954F00DC8F07 /* ArtisanTableViewCell.xib in Resources */ = {isa = PBXBuildFile; fileRef = 4BF09B8A2680954F00DC8F07 /* ArtisanTableViewCell.xib */; };
		4BF09B8F2680958100DC8F07 /* DetailArtisanCollectionViewCell.swift in Sources */ = {isa = PBXBuildFile; fileRef = 4BF09B8D2680958100DC8F07 /* DetailArtisanCollectionViewCell.swift */; };
		4BF09B902680958100DC8F07 /* DetailArtisanCollectionViewCell.xib in Resources */ = {isa = PBXBuildFile; fileRef = 4BF09B8E2680958100DC8F07 /* DetailArtisanCollectionViewCell.xib */; };
		4BF09B932680CE8D00DC8F07 /* APIService.swift in Sources */ = {isa = PBXBuildFile; fileRef = 4BF09B922680CE8D00DC8F07 /* APIService.swift */; };
		4BF09B9726810F6300DC8F07 /* DetailArtisanViewController.swift in Sources */ = {isa = PBXBuildFile; fileRef = 4BF09B9626810F6300DC8F07 /* DetailArtisanViewController.swift */; };
		4BF09B99268179AA00DC8F07 /* GoogleService-Info.plist in Resources */ = {isa = PBXBuildFile; fileRef = 4BF09B98268179AA00DC8F07 /* GoogleService-Info.plist */; };
		4BF09B9B2681982100DC8F07 /* FirebaseAuth.swift in Sources */ = {isa = PBXBuildFile; fileRef = 4BF09B9A2681982100DC8F07 /* FirebaseAuth.swift */; };
		4BF09B9E2681DBDC00DC8F07 /* Service.swift in Sources */ = {isa = PBXBuildFile; fileRef = 4BF09B9D2681DBDC00DC8F07 /* Service.swift */; };
		82484E7A847E35C223FE78A4 /* Pods_BeautyBell.framework in Frameworks */ = {isa = PBXBuildFile; fileRef = 5C9D19D486F90FF25EB49660 /* Pods_BeautyBell.framework */; };
/* End PBXBuildFile section */

/* Begin PBXContainerItemProxy section */
		4BF09B6326807A6700DC8F07 /* PBXContainerItemProxy */ = {
			isa = PBXContainerItemProxy;
			containerPortal = 4BF09B4426807A6400DC8F07 /* Project object */;
			proxyType = 1;
			remoteGlobalIDString = 4BF09B4B26807A6400DC8F07;
			remoteInfo = BeautyBell;
		};
		4BF09B6E26807A6700DC8F07 /* PBXContainerItemProxy */ = {
			isa = PBXContainerItemProxy;
			containerPortal = 4BF09B4426807A6400DC8F07 /* Project object */;
			proxyType = 1;
			remoteGlobalIDString = 4BF09B4B26807A6400DC8F07;
			remoteInfo = BeautyBell;
		};
/* End PBXContainerItemProxy section */

/* Begin PBXFileReference section */
		4BF09B4C26807A6400DC8F07 /* BeautyBell.app */ = {isa = PBXFileReference; explicitFileType = wrapper.application; includeInIndex = 0; path = BeautyBell.app; sourceTree = BUILT_PRODUCTS_DIR; };
		4BF09B4F26807A6400DC8F07 /* AppDelegate.swift */ = {isa = PBXFileReference; lastKnownFileType = sourcecode.swift; path = AppDelegate.swift; sourceTree = "<group>"; };
		4BF09B5126807A6400DC8F07 /* SceneDelegate.swift */ = {isa = PBXFileReference; lastKnownFileType = sourcecode.swift; path = SceneDelegate.swift; sourceTree = "<group>"; };
		4BF09B5326807A6400DC8F07 /* ViewController.swift */ = {isa = PBXFileReference; lastKnownFileType = sourcecode.swift; path = ViewController.swift; sourceTree = "<group>"; };
		4BF09B5626807A6400DC8F07 /* Base */ = {isa = PBXFileReference; lastKnownFileType = file.storyboard; name = Base; path = Base.lproj/Main.storyboard; sourceTree = "<group>"; };
		4BF09B5826807A6600DC8F07 /* Assets.xcassets */ = {isa = PBXFileReference; lastKnownFileType = folder.assetcatalog; path = Assets.xcassets; sourceTree = "<group>"; };
		4BF09B5B26807A6600DC8F07 /* Base */ = {isa = PBXFileReference; lastKnownFileType = file.storyboard; name = Base; path = Base.lproj/LaunchScreen.storyboard; sourceTree = "<group>"; };
		4BF09B5D26807A6600DC8F07 /* Info.plist */ = {isa = PBXFileReference; lastKnownFileType = text.plist.xml; path = Info.plist; sourceTree = "<group>"; };
		4BF09B6226807A6700DC8F07 /* BeautyBellTests.xctest */ = {isa = PBXFileReference; explicitFileType = wrapper.cfbundle; includeInIndex = 0; path = BeautyBellTests.xctest; sourceTree = BUILT_PRODUCTS_DIR; };
		4BF09B6626807A6700DC8F07 /* BeautyBellTests.swift */ = {isa = PBXFileReference; lastKnownFileType = sourcecode.swift; path = BeautyBellTests.swift; sourceTree = "<group>"; };
		4BF09B6826807A6700DC8F07 /* Info.plist */ = {isa = PBXFileReference; lastKnownFileType = text.plist.xml; path = Info.plist; sourceTree = "<group>"; };
		4BF09B6D26807A6700DC8F07 /* BeautyBellUITests.xctest */ = {isa = PBXFileReference; explicitFileType = wrapper.cfbundle; includeInIndex = 0; path = BeautyBellUITests.xctest; sourceTree = BUILT_PRODUCTS_DIR; };
		4BF09B7126807A6700DC8F07 /* BeautyBellUITests.swift */ = {isa = PBXFileReference; lastKnownFileType = sourcecode.swift; path = BeautyBellUITests.swift; sourceTree = "<group>"; };
		4BF09B7326807A6700DC8F07 /* Info.plist */ = {isa = PBXFileReference; lastKnownFileType = text.plist.xml; path = Info.plist; sourceTree = "<group>"; };
		4BF09B7F26807A7C00DC8F07 /* Users.swift */ = {isa = PBXFileReference; lastKnownFileType = sourcecode.swift; path = Users.swift; sourceTree = "<group>"; };
		4BF09B8126807A9200DC8F07 /* Artisan.swift */ = {isa = PBXFileReference; lastKnownFileType = sourcecode.swift; path = Artisan.swift; sourceTree = "<group>"; };
		4BF09B842680945B00DC8F07 /* HomeViewController.swift */ = {isa = PBXFileReference; lastKnownFileType = sourcecode.swift; path = HomeViewController.swift; sourceTree = "<group>"; };
		4BF09B862680948100DC8F07 /* ProfileViewController.swift */ = {isa = PBXFileReference; lastKnownFileType = sourcecode.swift; path = ProfileViewController.swift; sourceTree = "<group>"; };
		4BF09B892680954F00DC8F07 /* ArtisanTableViewCell.swift */ = {isa = PBXFileReference; lastKnownFileType = sourcecode.swift; name = ArtisanTableViewCell.swift; path = BeautyBell/View/ArtisanTableViewCell.swift; sourceTree = SOURCE_ROOT; };
		4BF09B8A2680954F00DC8F07 /* ArtisanTableViewCell.xib */ = {isa = PBXFileReference; lastKnownFileType = file.xib; path = ArtisanTableViewCell.xib; sourceTree = "<group>"; };
		4BF09B8D2680958100DC8F07 /* DetailArtisanCollectionViewCell.swift */ = {isa = PBXFileReference; lastKnownFileType = sourcecode.swift; path = DetailArtisanCollectionViewCell.swift; sourceTree = "<group>"; };
		4BF09B8E2680958100DC8F07 /* DetailArtisanCollectionViewCell.xib */ = {isa = PBXFileReference; lastKnownFileType = file.xib; path = DetailArtisanCollectionViewCell.xib; sourceTree = "<group>"; };
		4BF09B922680CE8D00DC8F07 /* APIService.swift */ = {isa = PBXFileReference; lastKnownFileType = sourcecode.swift; path = APIService.swift; sourceTree = "<group>"; };
		4BF09B9626810F6300DC8F07 /* DetailArtisanViewController.swift */ = {isa = PBXFileReference; lastKnownFileType = sourcecode.swift; path = DetailArtisanViewController.swift; sourceTree = "<group>"; };
		4BF09B98268179AA00DC8F07 /* GoogleService-Info.plist */ = {isa = PBXFileReference; fileEncoding = 4; lastKnownFileType = text.plist.xml; path = "GoogleService-Info.plist"; sourceTree = "<group>"; };
		4BF09B9A2681982100DC8F07 /* FirebaseAuth.swift */ = {isa = PBXFileReference; lastKnownFileType = sourcecode.swift; path = FirebaseAuth.swift; sourceTree = "<group>"; };
		4BF09B9D2681DBDC00DC8F07 /* Service.swift */ = {isa = PBXFileReference; lastKnownFileType = sourcecode.swift; path = Service.swift; sourceTree = "<group>"; };
		5A4C9486C4F3483703237278 /* Pods_BeautyBell_BeautyBellUITests.framework */ = {isa = PBXFileReference; explicitFileType = wrapper.framework; includeInIndex = 0; path = Pods_BeautyBell_BeautyBellUITests.framework; sourceTree = BUILT_PRODUCTS_DIR; };
		5C9D19D486F90FF25EB49660 /* Pods_BeautyBell.framework */ = {isa = PBXFileReference; explicitFileType = wrapper.framework; includeInIndex = 0; path = Pods_BeautyBell.framework; sourceTree = BUILT_PRODUCTS_DIR; };
		609E49BFA04D5F2C41B31576 /* Pods-BeautyBell.debug.xcconfig */ = {isa = PBXFileReference; includeInIndex = 1; lastKnownFileType = text.xcconfig; name = "Pods-BeautyBell.debug.xcconfig"; path = "Target Support Files/Pods-BeautyBell/Pods-BeautyBell.debug.xcconfig"; sourceTree = "<group>"; };
		6E5E12C606E0009528E23AA1 /* Pods-BeautyBellTests.debug.xcconfig */ = {isa = PBXFileReference; includeInIndex = 1; lastKnownFileType = text.xcconfig; name = "Pods-BeautyBellTests.debug.xcconfig"; path = "Target Support Files/Pods-BeautyBellTests/Pods-BeautyBellTests.debug.xcconfig"; sourceTree = "<group>"; };
		74D46C29459228CE298DB003 /* Pods_BeautyBellTests.framework */ = {isa = PBXFileReference; explicitFileType = wrapper.framework; includeInIndex = 0; path = Pods_BeautyBellTests.framework; sourceTree = BUILT_PRODUCTS_DIR; };
		8229034B27EE47DCB60BF540 /* Pods-BeautyBellTests.release.xcconfig */ = {isa = PBXFileReference; includeInIndex = 1; lastKnownFileType = text.xcconfig; name = "Pods-BeautyBellTests.release.xcconfig"; path = "Target Support Files/Pods-BeautyBellTests/Pods-BeautyBellTests.release.xcconfig"; sourceTree = "<group>"; };
		AC008BA55CB076B20FE3CF8E /* Pods-BeautyBell-BeautyBellUITests.release.xcconfig */ = {isa = PBXFileReference; includeInIndex = 1; lastKnownFileType = text.xcconfig; name = "Pods-BeautyBell-BeautyBellUITests.release.xcconfig"; path = "Target Support Files/Pods-BeautyBell-BeautyBellUITests/Pods-BeautyBell-BeautyBellUITests.release.xcconfig"; sourceTree = "<group>"; };
		BA6F9125C25162AA69B83B03 /* Pods-BeautyBell.release.xcconfig */ = {isa = PBXFileReference; includeInIndex = 1; lastKnownFileType = text.xcconfig; name = "Pods-BeautyBell.release.xcconfig"; path = "Target Support Files/Pods-BeautyBell/Pods-BeautyBell.release.xcconfig"; sourceTree = "<group>"; };
		E0415660F7F0775D711DCABA /* Pods-BeautyBell-BeautyBellUITests.debug.xcconfig */ = {isa = PBXFileReference; includeInIndex = 1; lastKnownFileType = text.xcconfig; name = "Pods-BeautyBell-BeautyBellUITests.debug.xcconfig"; path = "Target Support Files/Pods-BeautyBell-BeautyBellUITests/Pods-BeautyBell-BeautyBellUITests.debug.xcconfig"; sourceTree = "<group>"; };
/* End PBXFileReference section */

/* Begin PBXFrameworksBuildPhase section */
		4BF09B4926807A6400DC8F07 /* Frameworks */ = {
			isa = PBXFrameworksBuildPhase;
			buildActionMask = 2147483647;
			files = (
				82484E7A847E35C223FE78A4 /* Pods_BeautyBell.framework in Frameworks */,
			);
			runOnlyForDeploymentPostprocessing = 0;
		};
		4BF09B5F26807A6700DC8F07 /* Frameworks */ = {
			isa = PBXFrameworksBuildPhase;
			buildActionMask = 2147483647;
			files = (
				120AD44237273FDA7C766FD1 /* Pods_BeautyBellTests.framework in Frameworks */,
			);
			runOnlyForDeploymentPostprocessing = 0;
		};
		4BF09B6A26807A6700DC8F07 /* Frameworks */ = {
			isa = PBXFrameworksBuildPhase;
			buildActionMask = 2147483647;
			files = (
				317F8C86C4EFA4F977B6616F /* Pods_BeautyBell_BeautyBellUITests.framework in Frameworks */,
			);
			runOnlyForDeploymentPostprocessing = 0;
		};
/* End PBXFrameworksBuildPhase section */

/* Begin PBXGroup section */
		4BF09B4326807A6400DC8F07 = {
			isa = PBXGroup;
			children = (
				4BF09B4E26807A6400DC8F07 /* BeautyBell */,
				4BF09B6526807A6700DC8F07 /* BeautyBellTests */,
				4BF09B7026807A6700DC8F07 /* BeautyBellUITests */,
				4BF09B4D26807A6400DC8F07 /* Products */,
				4D18CE5D0CFB2811A1E8C2C1 /* Pods */,
				57AFD51C6B70D69F9E485630 /* Frameworks */,
			);
			sourceTree = "<group>";
		};
		4BF09B4D26807A6400DC8F07 /* Products */ = {
			isa = PBXGroup;
			children = (
				4BF09B4C26807A6400DC8F07 /* BeautyBell.app */,
				4BF09B6226807A6700DC8F07 /* BeautyBellTests.xctest */,
				4BF09B6D26807A6700DC8F07 /* BeautyBellUITests.xctest */,
			);
			name = Products;
			sourceTree = "<group>";
		};
		4BF09B4E26807A6400DC8F07 /* BeautyBell */ = {
			isa = PBXGroup;
			children = (
				4BF09B98268179AA00DC8F07 /* GoogleService-Info.plist */,
				4BF09B4F26807A6400DC8F07 /* AppDelegate.swift */,
				4BF09B5126807A6400DC8F07 /* SceneDelegate.swift */,
				4BF09B88268094D300DC8F07 /* View Controller */,
				4BF09B5526807A6400DC8F07 /* Main.storyboard */,
				4BF09B5826807A6600DC8F07 /* Assets.xcassets */,
				4BF09B5A26807A6600DC8F07 /* LaunchScreen.storyboard */,
				4BF09B5D26807A6600DC8F07 /* Info.plist */,
				4BF09B8326807A9800DC8F07 /* Model */,
				4BF09B912680958900DC8F07 /* View */,
				4BF09B9C2681DBB500DC8F07 /* APIService */,
			);
			path = BeautyBell;
			sourceTree = "<group>";
		};
		4BF09B6526807A6700DC8F07 /* BeautyBellTests */ = {
			isa = PBXGroup;
			children = (
				4BF09B6626807A6700DC8F07 /* BeautyBellTests.swift */,
				4BF09B6826807A6700DC8F07 /* Info.plist */,
			);
			path = BeautyBellTests;
			sourceTree = "<group>";
		};
		4BF09B7026807A6700DC8F07 /* BeautyBellUITests */ = {
			isa = PBXGroup;
			children = (
				4BF09B7126807A6700DC8F07 /* BeautyBellUITests.swift */,
				4BF09B7326807A6700DC8F07 /* Info.plist */,
			);
			path = BeautyBellUITests;
			sourceTree = "<group>";
		};
		4BF09B8326807A9800DC8F07 /* Model */ = {
			isa = PBXGroup;
			children = (
				4BF09B7F26807A7C00DC8F07 /* Users.swift */,
				4BF09B8126807A9200DC8F07 /* Artisan.swift */,
				4BF09B9D2681DBDC00DC8F07 /* Service.swift */,
			);
			path = Model;
			sourceTree = "<group>";
		};
		4BF09B88268094D300DC8F07 /* View Controller */ = {
			isa = PBXGroup;
			children = (
				4BF09B5326807A6400DC8F07 /* ViewController.swift */,
				4BF09B842680945B00DC8F07 /* HomeViewController.swift */,
				4BF09B862680948100DC8F07 /* ProfileViewController.swift */,
				4BF09B9626810F6300DC8F07 /* DetailArtisanViewController.swift */,
			);
			path = "View Controller";
			sourceTree = "<group>";
		};
		4BF09B912680958900DC8F07 /* View */ = {
			isa = PBXGroup;
			children = (
				4BF09B892680954F00DC8F07 /* ArtisanTableViewCell.swift */,
				4BF09B8A2680954F00DC8F07 /* ArtisanTableViewCell.xib */,
				4BF09B8D2680958100DC8F07 /* DetailArtisanCollectionViewCell.swift */,
				4BF09B8E2680958100DC8F07 /* DetailArtisanCollectionViewCell.xib */,
			);
			path = View;
			sourceTree = "<group>";
		};
		4BF09B9C2681DBB500DC8F07 /* APIService */ = {
			isa = PBXGroup;
			children = (
				4BF09B922680CE8D00DC8F07 /* APIService.swift */,
				4BF09B9A2681982100DC8F07 /* FirebaseAuth.swift */,
			);
			path = APIService;
			sourceTree = "<group>";
		};
		4D18CE5D0CFB2811A1E8C2C1 /* Pods */ = {
			isa = PBXGroup;
			children = (
				609E49BFA04D5F2C41B31576 /* Pods-BeautyBell.debug.xcconfig */,
				BA6F9125C25162AA69B83B03 /* Pods-BeautyBell.release.xcconfig */,
				E0415660F7F0775D711DCABA /* Pods-BeautyBell-BeautyBellUITests.debug.xcconfig */,
				AC008BA55CB076B20FE3CF8E /* Pods-BeautyBell-BeautyBellUITests.release.xcconfig */,
				6E5E12C606E0009528E23AA1 /* Pods-BeautyBellTests.debug.xcconfig */,
				8229034B27EE47DCB60BF540 /* Pods-BeautyBellTests.release.xcconfig */,
			);
			path = Pods;
			sourceTree = "<group>";
		};
		57AFD51C6B70D69F9E485630 /* Frameworks */ = {
			isa = PBXGroup;
			children = (
				5C9D19D486F90FF25EB49660 /* Pods_BeautyBell.framework */,
				5A4C9486C4F3483703237278 /* Pods_BeautyBell_BeautyBellUITests.framework */,
				74D46C29459228CE298DB003 /* Pods_BeautyBellTests.framework */,
			);
			name = Frameworks;
			sourceTree = "<group>";
		};
/* End PBXGroup section */

/* Begin PBXNativeTarget section */
		4BF09B4B26807A6400DC8F07 /* BeautyBell */ = {
			isa = PBXNativeTarget;
			buildConfigurationList = 4BF09B7626807A6700DC8F07 /* Build configuration list for PBXNativeTarget "BeautyBell" */;
			buildPhases = (
				2B3D48CFB5F137F95B4DDF09 /* [CP] Check Pods Manifest.lock */,
				4BF09B4826807A6400DC8F07 /* Sources */,
				4BF09B4926807A6400DC8F07 /* Frameworks */,
				4BF09B4A26807A6400DC8F07 /* Resources */,
				DF4FAB993815DC0CB0CAB640 /* [CP] Embed Pods Frameworks */,
				20544DB158B0563EF55823CA /* [CP] Copy Pods Resources */,
			);
			buildRules = (
			);
			dependencies = (
			);
			name = BeautyBell;
			productName = BeautyBell;
			productReference = 4BF09B4C26807A6400DC8F07 /* BeautyBell.app */;
			productType = "com.apple.product-type.application";
		};
		4BF09B6126807A6700DC8F07 /* BeautyBellTests */ = {
			isa = PBXNativeTarget;
			buildConfigurationList = 4BF09B7926807A6700DC8F07 /* Build configuration list for PBXNativeTarget "BeautyBellTests" */;
			buildPhases = (
				E370B43AEA06A552C896B0C3 /* [CP] Check Pods Manifest.lock */,
				4BF09B5E26807A6700DC8F07 /* Sources */,
				4BF09B5F26807A6700DC8F07 /* Frameworks */,
				4BF09B6026807A6700DC8F07 /* Resources */,
			);
			buildRules = (
			);
			dependencies = (
				4BF09B6426807A6700DC8F07 /* PBXTargetDependency */,
			);
			name = BeautyBellTests;
			productName = BeautyBellTests;
			productReference = 4BF09B6226807A6700DC8F07 /* BeautyBellTests.xctest */;
			productType = "com.apple.product-type.bundle.unit-test";
		};
		4BF09B6C26807A6700DC8F07 /* BeautyBellUITests */ = {
			isa = PBXNativeTarget;
			buildConfigurationList = 4BF09B7C26807A6700DC8F07 /* Build configuration list for PBXNativeTarget "BeautyBellUITests" */;
			buildPhases = (
				16B32B17B74B57CF8D9B8E60 /* [CP] Check Pods Manifest.lock */,
				4BF09B6926807A6700DC8F07 /* Sources */,
				4BF09B6A26807A6700DC8F07 /* Frameworks */,
				4BF09B6B26807A6700DC8F07 /* Resources */,
				090933021A12AAEB38909AD9 /* [CP] Embed Pods Frameworks */,
				C4C5FB33278280E0CE13BA9F /* [CP] Copy Pods Resources */,
			);
			buildRules = (
			);
			dependencies = (
				4BF09B6F26807A6700DC8F07 /* PBXTargetDependency */,
			);
			name = BeautyBellUITests;
			productName = BeautyBellUITests;
			productReference = 4BF09B6D26807A6700DC8F07 /* BeautyBellUITests.xctest */;
			productType = "com.apple.product-type.bundle.ui-testing";
		};
/* End PBXNativeTarget section */

/* Begin PBXProject section */
		4BF09B4426807A6400DC8F07 /* Project object */ = {
			isa = PBXProject;
			attributes = {
				LastSwiftUpdateCheck = 1250;
				LastUpgradeCheck = 1250;
				TargetAttributes = {
					4BF09B4B26807A6400DC8F07 = {
						CreatedOnToolsVersion = 12.5;
					};
					4BF09B6126807A6700DC8F07 = {
						CreatedOnToolsVersion = 12.5;
						TestTargetID = 4BF09B4B26807A6400DC8F07;
					};
					4BF09B6C26807A6700DC8F07 = {
						CreatedOnToolsVersion = 12.5;
						TestTargetID = 4BF09B4B26807A6400DC8F07;
					};
				};
			};
			buildConfigurationList = 4BF09B4726807A6400DC8F07 /* Build configuration list for PBXProject "BeautyBell" */;
			compatibilityVersion = "Xcode 9.3";
			developmentRegion = en;
			hasScannedForEncodings = 0;
			knownRegions = (
				en,
				Base,
			);
			mainGroup = 4BF09B4326807A6400DC8F07;
			productRefGroup = 4BF09B4D26807A6400DC8F07 /* Products */;
			projectDirPath = "";
			projectRoot = "";
			targets = (
				4BF09B4B26807A6400DC8F07 /* BeautyBell */,
				4BF09B6126807A6700DC8F07 /* BeautyBellTests */,
				4BF09B6C26807A6700DC8F07 /* BeautyBellUITests */,
			);
		};
/* End PBXProject section */

/* Begin PBXResourcesBuildPhase section */
		4BF09B4A26807A6400DC8F07 /* Resources */ = {
			isa = PBXResourcesBuildPhase;
			buildActionMask = 2147483647;
			files = (
				4BF09B902680958100DC8F07 /* DetailArtisanCollectionViewCell.xib in Resources */,
				4BF09B5C26807A6600DC8F07 /* LaunchScreen.storyboard in Resources */,
				4BF09B5926807A6600DC8F07 /* Assets.xcassets in Resources */,
				4BF09B8C2680954F00DC8F07 /* ArtisanTableViewCell.xib in Resources */,
				4BF09B5726807A6400DC8F07 /* Main.storyboard in Resources */,
				4BF09B99268179AA00DC8F07 /* GoogleService-Info.plist in Resources */,
			);
			runOnlyForDeploymentPostprocessing = 0;
		};
		4BF09B6026807A6700DC8F07 /* Resources */ = {
			isa = PBXResourcesBuildPhase;
			buildActionMask = 2147483647;
			files = (
			);
			runOnlyForDeploymentPostprocessing = 0;
		};
		4BF09B6B26807A6700DC8F07 /* Resources */ = {
			isa = PBXResourcesBuildPhase;
			buildActionMask = 2147483647;
			files = (
			);
			runOnlyForDeploymentPostprocessing = 0;
		};
/* End PBXResourcesBuildPhase section */

/* Begin PBXShellScriptBuildPhase section */
		090933021A12AAEB38909AD9 /* [CP] Embed Pods Frameworks */ = {
			isa = PBXShellScriptBuildPhase;
			buildActionMask = 2147483647;
			files = (
			);
			inputFileListPaths = (
				"${PODS_ROOT}/Target Support Files/Pods-BeautyBell-BeautyBellUITests/Pods-BeautyBell-BeautyBellUITests-frameworks-${CONFIGURATION}-input-files.xcfilelist",
			);
			name = "[CP] Embed Pods Frameworks";
			outputFileListPaths = (
				"${PODS_ROOT}/Target Support Files/Pods-BeautyBell-BeautyBellUITests/Pods-BeautyBell-BeautyBellUITests-frameworks-${CONFIGURATION}-output-files.xcfilelist",
			);
			runOnlyForDeploymentPostprocessing = 0;
			shellPath = /bin/sh;
			shellScript = "\"${PODS_ROOT}/Target Support Files/Pods-BeautyBell-BeautyBellUITests/Pods-BeautyBell-BeautyBellUITests-frameworks.sh\"\n";
			showEnvVarsInLog = 0;
		};
		16B32B17B74B57CF8D9B8E60 /* [CP] Check Pods Manifest.lock */ = {
			isa = PBXShellScriptBuildPhase;
			buildActionMask = 2147483647;
			files = (
			);
			inputFileListPaths = (
			);
			inputPaths = (
				"${PODS_PODFILE_DIR_PATH}/Podfile.lock",
				"${PODS_ROOT}/Manifest.lock",
			);
			name = "[CP] Check Pods Manifest.lock";
			outputFileListPaths = (
			);
			outputPaths = (
				"$(DERIVED_FILE_DIR)/Pods-BeautyBell-BeautyBellUITests-checkManifestLockResult.txt",
			);
			runOnlyForDeploymentPostprocessing = 0;
			shellPath = /bin/sh;
			shellScript = "diff \"${PODS_PODFILE_DIR_PATH}/Podfile.lock\" \"${PODS_ROOT}/Manifest.lock\" > /dev/null\nif [ $? != 0 ] ; then\n    # print error to STDERR\n    echo \"error: The sandbox is not in sync with the Podfile.lock. Run 'pod install' or update your CocoaPods installation.\" >&2\n    exit 1\nfi\n# This output is used by Xcode 'outputs' to avoid re-running this script phase.\necho \"SUCCESS\" > \"${SCRIPT_OUTPUT_FILE_0}\"\n";
			showEnvVarsInLog = 0;
		};
		20544DB158B0563EF55823CA /* [CP] Copy Pods Resources */ = {
			isa = PBXShellScriptBuildPhase;
			buildActionMask = 2147483647;
			files = (
			);
			inputFileListPaths = (
				"${PODS_ROOT}/Target Support Files/Pods-BeautyBell/Pods-BeautyBell-resources-${CONFIGURATION}-input-files.xcfilelist",
			);
			name = "[CP] Copy Pods Resources";
			outputFileListPaths = (
				"${PODS_ROOT}/Target Support Files/Pods-BeautyBell/Pods-BeautyBell-resources-${CONFIGURATION}-output-files.xcfilelist",
			);
			runOnlyForDeploymentPostprocessing = 0;
			shellPath = /bin/sh;
			shellScript = "\"${PODS_ROOT}/Target Support Files/Pods-BeautyBell/Pods-BeautyBell-resources.sh\"\n";
			showEnvVarsInLog = 0;
		};
		2B3D48CFB5F137F95B4DDF09 /* [CP] Check Pods Manifest.lock */ = {
			isa = PBXShellScriptBuildPhase;
			buildActionMask = 2147483647;
			files = (
			);
			inputFileListPaths = (
			);
			inputPaths = (
				"${PODS_PODFILE_DIR_PATH}/Podfile.lock",
				"${PODS_ROOT}/Manifest.lock",
			);
			name = "[CP] Check Pods Manifest.lock";
			outputFileListPaths = (
			);
			outputPaths = (
				"$(DERIVED_FILE_DIR)/Pods-BeautyBell-checkManifestLockResult.txt",
			);
			runOnlyForDeploymentPostprocessing = 0;
			shellPath = /bin/sh;
			shellScript = "diff \"${PODS_PODFILE_DIR_PATH}/Podfile.lock\" \"${PODS_ROOT}/Manifest.lock\" > /dev/null\nif [ $? != 0 ] ; then\n    # print error to STDERR\n    echo \"error: The sandbox is not in sync with the Podfile.lock. Run 'pod install' or update your CocoaPods installation.\" >&2\n    exit 1\nfi\n# This output is used by Xcode 'outputs' to avoid re-running this script phase.\necho \"SUCCESS\" > \"${SCRIPT_OUTPUT_FILE_0}\"\n";
			showEnvVarsInLog = 0;
		};
		C4C5FB33278280E0CE13BA9F /* [CP] Copy Pods Resources */ = {
			isa = PBXShellScriptBuildPhase;
			buildActionMask = 2147483647;
			files = (
			);
			inputFileListPaths = (
				"${PODS_ROOT}/Target Support Files/Pods-BeautyBell-BeautyBellUITests/Pods-BeautyBell-BeautyBellUITests-resources-${CONFIGURATION}-input-files.xcfilelist",
			);
			name = "[CP] Copy Pods Resources";
			outputFileListPaths = (
				"${PODS_ROOT}/Target Support Files/Pods-BeautyBell-BeautyBellUITests/Pods-BeautyBell-BeautyBellUITests-resources-${CONFIGURATION}-output-files.xcfilelist",
			);
			runOnlyForDeploymentPostprocessing = 0;
			shellPath = /bin/sh;
			shellScript = "\"${PODS_ROOT}/Target Support Files/Pods-BeautyBell-BeautyBellUITests/Pods-BeautyBell-BeautyBellUITests-resources.sh\"\n";
			showEnvVarsInLog = 0;
		};
		DF4FAB993815DC0CB0CAB640 /* [CP] Embed Pods Frameworks */ = {
			isa = PBXShellScriptBuildPhase;
			buildActionMask = 2147483647;
			files = (
			);
			inputFileListPaths = (
				"${PODS_ROOT}/Target Support Files/Pods-BeautyBell/Pods-BeautyBell-frameworks-${CONFIGURATION}-input-files.xcfilelist",
			);
			name = "[CP] Embed Pods Frameworks";
			outputFileListPaths = (
				"${PODS_ROOT}/Target Support Files/Pods-BeautyBell/Pods-BeautyBell-frameworks-${CONFIGURATION}-output-files.xcfilelist",
			);
			runOnlyForDeploymentPostprocessing = 0;
			shellPath = /bin/sh;
			shellScript = "\"${PODS_ROOT}/Target Support Files/Pods-BeautyBell/Pods-BeautyBell-frameworks.sh\"\n";
			showEnvVarsInLog = 0;
		};
		E370B43AEA06A552C896B0C3 /* [CP] Check Pods Manifest.lock */ = {
			isa = PBXShellScriptBuildPhase;
			buildActionMask = 2147483647;
			files = (
			);
			inputFileListPaths = (
			);
			inputPaths = (
				"${PODS_PODFILE_DIR_PATH}/Podfile.lock",
				"${PODS_ROOT}/Manifest.lock",
			);
			name = "[CP] Check Pods Manifest.lock";
			outputFileListPaths = (
			);
			outputPaths = (
				"$(DERIVED_FILE_DIR)/Pods-BeautyBellTests-checkManifestLockResult.txt",
			);
			runOnlyForDeploymentPostprocessing = 0;
			shellPath = /bin/sh;
			shellScript = "diff \"${PODS_PODFILE_DIR_PATH}/Podfile.lock\" \"${PODS_ROOT}/Manifest.lock\" > /dev/null\nif [ $? != 0 ] ; then\n    # print error to STDERR\n    echo \"error: The sandbox is not in sync with the Podfile.lock. Run 'pod install' or update your CocoaPods installation.\" >&2\n    exit 1\nfi\n# This output is used by Xcode 'outputs' to avoid re-running this script phase.\necho \"SUCCESS\" > \"${SCRIPT_OUTPUT_FILE_0}\"\n";
			showEnvVarsInLog = 0;
		};
/* End PBXShellScriptBuildPhase section */

/* Begin PBXSourcesBuildPhase section */
		4BF09B4826807A6400DC8F07 /* Sources */ = {
			isa = PBXSourcesBuildPhase;
			buildActionMask = 2147483647;
			files = (
				4BF09B8026807A7C00DC8F07 /* Users.swift in Sources */,
				4BF09B9E2681DBDC00DC8F07 /* Service.swift in Sources */,
				4BF09B5426807A6400DC8F07 /* ViewController.swift in Sources */,
				4BF09B8B2680954F00DC8F07 /* ArtisanTableViewCell.swift in Sources */,
				4BF09B8226807A9200DC8F07 /* Artisan.swift in Sources */,
				4BF09B9726810F6300DC8F07 /* DetailArtisanViewController.swift in Sources */,
				4BF09B5026807A6400DC8F07 /* AppDelegate.swift in Sources */,
				4BF09B9B2681982100DC8F07 /* FirebaseAuth.swift in Sources */,
				4BF09B8F2680958100DC8F07 /* DetailArtisanCollectionViewCell.swift in Sources */,
				4BF09B872680948100DC8F07 /* ProfileViewController.swift in Sources */,
				4BF09B932680CE8D00DC8F07 /* APIService.swift in Sources */,
				4BF09B5226807A6400DC8F07 /* SceneDelegate.swift in Sources */,
				4BF09B852680945B00DC8F07 /* HomeViewController.swift in Sources */,
			);
			runOnlyForDeploymentPostprocessing = 0;
		};
		4BF09B5E26807A6700DC8F07 /* Sources */ = {
			isa = PBXSourcesBuildPhase;
			buildActionMask = 2147483647;
			files = (
				4BF09B6726807A6700DC8F07 /* BeautyBellTests.swift in Sources */,
			);
			runOnlyForDeploymentPostprocessing = 0;
		};
		4BF09B6926807A6700DC8F07 /* Sources */ = {
			isa = PBXSourcesBuildPhase;
			buildActionMask = 2147483647;
			files = (
				4BF09B7226807A6700DC8F07 /* BeautyBellUITests.swift in Sources */,
			);
			runOnlyForDeploymentPostprocessing = 0;
		};
/* End PBXSourcesBuildPhase section */

/* Begin PBXTargetDependency section */
		4BF09B6426807A6700DC8F07 /* PBXTargetDependency */ = {
			isa = PBXTargetDependency;
			target = 4BF09B4B26807A6400DC8F07 /* BeautyBell */;
			targetProxy = 4BF09B6326807A6700DC8F07 /* PBXContainerItemProxy */;
		};
		4BF09B6F26807A6700DC8F07 /* PBXTargetDependency */ = {
			isa = PBXTargetDependency;
			target = 4BF09B4B26807A6400DC8F07 /* BeautyBell */;
			targetProxy = 4BF09B6E26807A6700DC8F07 /* PBXContainerItemProxy */;
		};
/* End PBXTargetDependency section */

/* Begin PBXVariantGroup section */
		4BF09B5526807A6400DC8F07 /* Main.storyboard */ = {
			isa = PBXVariantGroup;
			children = (
				4BF09B5626807A6400DC8F07 /* Base */,
			);
			name = Main.storyboard;
			sourceTree = "<group>";
		};
		4BF09B5A26807A6600DC8F07 /* LaunchScreen.storyboard */ = {
			isa = PBXVariantGroup;
			children = (
				4BF09B5B26807A6600DC8F07 /* Base */,
			);
			name = LaunchScreen.storyboard;
			sourceTree = "<group>";
		};
/* End PBXVariantGroup section */

/* Begin XCBuildConfiguration section */
		4BF09B7426807A6700DC8F07 /* Debug */ = {
			isa = XCBuildConfiguration;
			buildSettings = {
				ALWAYS_SEARCH_USER_PATHS = NO;
				CLANG_ANALYZER_NONNULL = YES;
				CLANG_ANALYZER_NUMBER_OBJECT_CONVERSION = YES_AGGRESSIVE;
				CLANG_CXX_LANGUAGE_STANDARD = "gnu++14";
				CLANG_CXX_LIBRARY = "libc++";
				CLANG_ENABLE_MODULES = YES;
				CLANG_ENABLE_OBJC_ARC = YES;
				CLANG_ENABLE_OBJC_WEAK = YES;
				CLANG_WARN_BLOCK_CAPTURE_AUTORELEASING = YES;
				CLANG_WARN_BOOL_CONVERSION = YES;
				CLANG_WARN_COMMA = YES;
				CLANG_WARN_CONSTANT_CONVERSION = YES;
				CLANG_WARN_DEPRECATED_OBJC_IMPLEMENTATIONS = YES;
				CLANG_WARN_DIRECT_OBJC_ISA_USAGE = YES_ERROR;
				CLANG_WARN_DOCUMENTATION_COMMENTS = YES;
				CLANG_WARN_EMPTY_BODY = YES;
				CLANG_WARN_ENUM_CONVERSION = YES;
				CLANG_WARN_INFINITE_RECURSION = YES;
				CLANG_WARN_INT_CONVERSION = YES;
				CLANG_WARN_NON_LITERAL_NULL_CONVERSION = YES;
				CLANG_WARN_OBJC_IMPLICIT_RETAIN_SELF = YES;
				CLANG_WARN_OBJC_LITERAL_CONVERSION = YES;
				CLANG_WARN_OBJC_ROOT_CLASS = YES_ERROR;
				CLANG_WARN_QUOTED_INCLUDE_IN_FRAMEWORK_HEADER = YES;
				CLANG_WARN_RANGE_LOOP_ANALYSIS = YES;
				CLANG_WARN_STRICT_PROTOTYPES = YES;
				CLANG_WARN_SUSPICIOUS_MOVE = YES;
				CLANG_WARN_UNGUARDED_AVAILABILITY = YES_AGGRESSIVE;
				CLANG_WARN_UNREACHABLE_CODE = YES;
				CLANG_WARN__DUPLICATE_METHOD_MATCH = YES;
				COPY_PHASE_STRIP = NO;
				DEBUG_INFORMATION_FORMAT = dwarf;
				ENABLE_STRICT_OBJC_MSGSEND = YES;
				ENABLE_TESTABILITY = YES;
				GCC_C_LANGUAGE_STANDARD = gnu11;
				GCC_DYNAMIC_NO_PIC = NO;
				GCC_NO_COMMON_BLOCKS = YES;
				GCC_OPTIMIZATION_LEVEL = 0;
				GCC_PREPROCESSOR_DEFINITIONS = (
					"DEBUG=1",
					"$(inherited)",
				);
				GCC_WARN_64_TO_32_BIT_CONVERSION = YES;
				GCC_WARN_ABOUT_RETURN_TYPE = YES_ERROR;
				GCC_WARN_UNDECLARED_SELECTOR = YES;
				GCC_WARN_UNINITIALIZED_AUTOS = YES_AGGRESSIVE;
				GCC_WARN_UNUSED_FUNCTION = YES;
				GCC_WARN_UNUSED_VARIABLE = YES;
				IPHONEOS_DEPLOYMENT_TARGET = 14.5;
				MTL_ENABLE_DEBUG_INFO = INCLUDE_SOURCE;
				MTL_FAST_MATH = YES;
				ONLY_ACTIVE_ARCH = YES;
				SDKROOT = iphoneos;
				SWIFT_ACTIVE_COMPILATION_CONDITIONS = DEBUG;
				SWIFT_OPTIMIZATION_LEVEL = "-Onone";
			};
			name = Debug;
		};
		4BF09B7526807A6700DC8F07 /* Release */ = {
			isa = XCBuildConfiguration;
			buildSettings = {
				ALWAYS_SEARCH_USER_PATHS = NO;
				CLANG_ANALYZER_NONNULL = YES;
				CLANG_ANALYZER_NUMBER_OBJECT_CONVERSION = YES_AGGRESSIVE;
				CLANG_CXX_LANGUAGE_STANDARD = "gnu++14";
				CLANG_CXX_LIBRARY = "libc++";
				CLANG_ENABLE_MODULES = YES;
				CLANG_ENABLE_OBJC_ARC = YES;
				CLANG_ENABLE_OBJC_WEAK = YES;
				CLANG_WARN_BLOCK_CAPTURE_AUTORELEASING = YES;
				CLANG_WARN_BOOL_CONVERSION = YES;
				CLANG_WARN_COMMA = YES;
				CLANG_WARN_CONSTANT_CONVERSION = YES;
				CLANG_WARN_DEPRECATED_OBJC_IMPLEMENTATIONS = YES;
				CLANG_WARN_DIRECT_OBJC_ISA_USAGE = YES_ERROR;
				CLANG_WARN_DOCUMENTATION_COMMENTS = YES;
				CLANG_WARN_EMPTY_BODY = YES;
				CLANG_WARN_ENUM_CONVERSION = YES;
				CLANG_WARN_INFINITE_RECURSION = YES;
				CLANG_WARN_INT_CONVERSION = YES;
				CLANG_WARN_NON_LITERAL_NULL_CONVERSION = YES;
				CLANG_WARN_OBJC_IMPLICIT_RETAIN_SELF = YES;
				CLANG_WARN_OBJC_LITERAL_CONVERSION = YES;
				CLANG_WARN_OBJC_ROOT_CLASS = YES_ERROR;
				CLANG_WARN_QUOTED_INCLUDE_IN_FRAMEWORK_HEADER = YES;
				CLANG_WARN_RANGE_LOOP_ANALYSIS = YES;
				CLANG_WARN_STRICT_PROTOTYPES = YES;
				CLANG_WARN_SUSPICIOUS_MOVE = YES;
				CLANG_WARN_UNGUARDED_AVAILABILITY = YES_AGGRESSIVE;
				CLANG_WARN_UNREACHABLE_CODE = YES;
				CLANG_WARN__DUPLICATE_METHOD_MATCH = YES;
				COPY_PHASE_STRIP = NO;
				DEBUG_INFORMATION_FORMAT = "dwarf-with-dsym";
				ENABLE_NS_ASSERTIONS = NO;
				ENABLE_STRICT_OBJC_MSGSEND = YES;
				GCC_C_LANGUAGE_STANDARD = gnu11;
				GCC_NO_COMMON_BLOCKS = YES;
				GCC_WARN_64_TO_32_BIT_CONVERSION = YES;
				GCC_WARN_ABOUT_RETURN_TYPE = YES_ERROR;
				GCC_WARN_UNDECLARED_SELECTOR = YES;
				GCC_WARN_UNINITIALIZED_AUTOS = YES_AGGRESSIVE;
				GCC_WARN_UNUSED_FUNCTION = YES;
				GCC_WARN_UNUSED_VARIABLE = YES;
				IPHONEOS_DEPLOYMENT_TARGET = 14.5;
				MTL_ENABLE_DEBUG_INFO = NO;
				MTL_FAST_MATH = YES;
				SDKROOT = iphoneos;
				SWIFT_COMPILATION_MODE = wholemodule;
				SWIFT_OPTIMIZATION_LEVEL = "-O";
				VALIDATE_PRODUCT = YES;
			};
			name = Release;
		};
		4BF09B7726807A6700DC8F07 /* Debug */ = {
			isa = XCBuildConfiguration;
			baseConfigurationReference = 609E49BFA04D5F2C41B31576 /* Pods-BeautyBell.debug.xcconfig */;
			buildSettings = {
				ASSETCATALOG_COMPILER_APPICON_NAME = AppIcon;
				ASSETCATALOG_COMPILER_GLOBAL_ACCENT_COLOR_NAME = AccentColor;
				CODE_SIGN_STYLE = Automatic;
				DEVELOPMENT_TEAM = 9G44XW2W74;
				INFOPLIST_FILE = BeautyBell/Info.plist;
				LD_RUNPATH_SEARCH_PATHS = (
					"$(inherited)",
					"@executable_path/Frameworks",
				);
				PRODUCT_BUNDLE_IDENTIFIER = com.reyhan.iOSDev.BeautyBell;
				PRODUCT_NAME = "$(TARGET_NAME)";
				SWIFT_VERSION = 5.0;
				TARGETED_DEVICE_FAMILY = "1,2";
			};
			name = Debug;
		};
		4BF09B7826807A6700DC8F07 /* Release */ = {
			isa = XCBuildConfiguration;
			baseConfigurationReference = BA6F9125C25162AA69B83B03 /* Pods-BeautyBell.release.xcconfig */;
			buildSettings = {
				ASSETCATALOG_COMPILER_APPICON_NAME = AppIcon;
				ASSETCATALOG_COMPILER_GLOBAL_ACCENT_COLOR_NAME = AccentColor;
				CODE_SIGN_STYLE = Automatic;
				DEVELOPMENT_TEAM = 9G44XW2W74;
				INFOPLIST_FILE = BeautyBell/Info.plist;
				LD_RUNPATH_SEARCH_PATHS = (
					"$(inherited)",
					"@executable_path/Frameworks",
				);
				PRODUCT_BUNDLE_IDENTIFIER = com.reyhan.iOSDev.BeautyBell;
				PRODUCT_NAME = "$(TARGET_NAME)";
				SWIFT_VERSION = 5.0;
				TARGETED_DEVICE_FAMILY = "1,2";
			};
			name = Release;
		};
		4BF09B7A26807A6700DC8F07 /* Debug */ = {
			isa = XCBuildConfiguration;
			baseConfigurationReference = 6E5E12C606E0009528E23AA1 /* Pods-BeautyBellTests.debug.xcconfig */;
			buildSettings = {
				ALWAYS_EMBED_SWIFT_STANDARD_LIBRARIES = YES;
				BUNDLE_LOADER = "$(TEST_HOST)";
				CODE_SIGN_STYLE = Automatic;
				DEVELOPMENT_TEAM = 9G44XW2W74;
				INFOPLIST_FILE = BeautyBellTests/Info.plist;
				IPHONEOS_DEPLOYMENT_TARGET = 14.5;
				LD_RUNPATH_SEARCH_PATHS = (
					"$(inherited)",
					"@executable_path/Frameworks",
					"@loader_path/Frameworks",
				);
				PRODUCT_BUNDLE_IDENTIFIER = com.reyhan.iOSDev.BeautyBellTests;
				PRODUCT_NAME = "$(TARGET_NAME)";
				SWIFT_VERSION = 5.0;
				TARGETED_DEVICE_FAMILY = "1,2";
				TEST_HOST = "$(BUILT_PRODUCTS_DIR)/BeautyBell.app/BeautyBell";
			};
			name = Debug;
		};
		4BF09B7B26807A6700DC8F07 /* Release */ = {
			isa = XCBuildConfiguration;
			baseConfigurationReference = 8229034B27EE47DCB60BF540 /* Pods-BeautyBellTests.release.xcconfig */;
			buildSettings = {
				ALWAYS_EMBED_SWIFT_STANDARD_LIBRARIES = YES;
				BUNDLE_LOADER = "$(TEST_HOST)";
				CODE_SIGN_STYLE = Automatic;
				DEVELOPMENT_TEAM = 9G44XW2W74;
				INFOPLIST_FILE = BeautyBellTests/Info.plist;
				IPHONEOS_DEPLOYMENT_TARGET = 14.5;
				LD_RUNPATH_SEARCH_PATHS = (
					"$(inherited)",
					"@executable_path/Frameworks",
					"@loader_path/Frameworks",
				);
				PRODUCT_BUNDLE_IDENTIFIER = com.reyhan.iOSDev.BeautyBellTests;
				PRODUCT_NAME = "$(TARGET_NAME)";
				SWIFT_VERSION = 5.0;
				TARGETED_DEVICE_FAMILY = "1,2";
				TEST_HOST = "$(BUILT_PRODUCTS_DIR)/BeautyBell.app/BeautyBell";
			};
			name = Release;
		};
		4BF09B7D26807A6700DC8F07 /* Debug */ = {
			isa = XCBuildConfiguration;
			baseConfigurationReference = E0415660F7F0775D711DCABA /* Pods-BeautyBell-BeautyBellUITests.debug.xcconfig */;
			buildSettings = {
				ALWAYS_EMBED_SWIFT_STANDARD_LIBRARIES = YES;
				CODE_SIGN_STYLE = Automatic;
				DEVELOPMENT_TEAM = 9G44XW2W74;
				INFOPLIST_FILE = BeautyBellUITests/Info.plist;
				LD_RUNPATH_SEARCH_PATHS = (
					"$(inherited)",
					"@executable_path/Frameworks",
					"@loader_path/Frameworks",
				);
				PRODUCT_BUNDLE_IDENTIFIER = com.reyhan.iOSDev.BeautyBellUITests;
				PRODUCT_NAME = "$(TARGET_NAME)";
				SWIFT_VERSION = 5.0;
				TARGETED_DEVICE_FAMILY = "1,2";
				TEST_TARGET_NAME = BeautyBell;
			};
			name = Debug;
		};
		4BF09B7E26807A6700DC8F07 /* Release */ = {
			isa = XCBuildConfiguration;
			baseConfigurationReference = AC008BA55CB076B20FE3CF8E /* Pods-BeautyBell-BeautyBellUITests.release.xcconfig */;
			buildSettings = {
				ALWAYS_EMBED_SWIFT_STANDARD_LIBRARIES = YES;
				CODE_SIGN_STYLE = Automatic;
				DEVELOPMENT_TEAM = 9G44XW2W74;
				INFOPLIST_FILE = BeautyBellUITests/Info.plist;
				LD_RUNPATH_SEARCH_PATHS = (
					"$(inherited)",
					"@executable_path/Frameworks",
					"@loader_path/Frameworks",
				);
				PRODUCT_BUNDLE_IDENTIFIER = com.reyhan.iOSDev.BeautyBellUITests;
				PRODUCT_NAME = "$(TARGET_NAME)";
				SWIFT_VERSION = 5.0;
				TARGETED_DEVICE_FAMILY = "1,2";
				TEST_TARGET_NAME = BeautyBell;
			};
			name = Release;
		};
/* End XCBuildConfiguration section */

/* Begin XCConfigurationList section */
		4BF09B4726807A6400DC8F07 /* Build configuration list for PBXProject "BeautyBell" */ = {
			isa = XCConfigurationList;
			buildConfigurations = (
				4BF09B7426807A6700DC8F07 /* Debug */,
				4BF09B7526807A6700DC8F07 /* Release */,
			);
			defaultConfigurationIsVisible = 0;
			defaultConfigurationName = Release;
		};
		4BF09B7626807A6700DC8F07 /* Build configuration list for PBXNativeTarget "BeautyBell" */ = {
			isa = XCConfigurationList;
			buildConfigurations = (
				4BF09B7726807A6700DC8F07 /* Debug */,
				4BF09B7826807A6700DC8F07 /* Release */,
			);
			defaultConfigurationIsVisible = 0;
			defaultConfigurationName = Release;
		};
		4BF09B7926807A6700DC8F07 /* Build configuration list for PBXNativeTarget "BeautyBellTests" */ = {
			isa = XCConfigurationList;
			buildConfigurations = (
				4BF09B7A26807A6700DC8F07 /* Debug */,
				4BF09B7B26807A6700DC8F07 /* Release */,
			);
			defaultConfigurationIsVisible = 0;
			defaultConfigurationName = Release;
		};
		4BF09B7C26807A6700DC8F07 /* Build configuration list for PBXNativeTarget "BeautyBellUITests" */ = {
			isa = XCConfigurationList;
			buildConfigurations = (
				4BF09B7D26807A6700DC8F07 /* Debug */,
				4BF09B7E26807A6700DC8F07 /* Release */,
			);
			defaultConfigurationIsVisible = 0;
			defaultConfigurationName = Release;
		};
/* End XCConfigurationList section */
	};
	rootObject = 4BF09B4426807A6400DC8F07 /* Project object */;
}
